
Microsoft Visual Studio Solution File, Format Version 12.00
# Visual Studio Version 17
VisualStudioVersion = 17.14.37111.16 d17.14
MinimumVisualStudioVersion = 10.0.40219.1
Project("{FAE04EC0-301F-11D3-BF4B-00C04F79EFBC}") = "16-04", "16-04.csproj", "{F0067D6A-590B-4256-A0F8-AC60240730C5}"
EndProject
Global
	GlobalSection(SolutionConfigurationPlatforms) = preSolution
		Debug|Any CPU = Debug|Any CPU
		Release|Any CPU = Release|Any CPU
	EndGlobalSection
	GlobalSection(ProjectConfigurationPlatforms) = postSolution
		{F0067D6A-590B-4256-A0F8-AC60240730C5}.Debug|Any CPU.ActiveCfg = Debug|Any CPU
		{F0067D6A-590B-4256-A0F8-AC60240730C5}.Debug|Any CPU.Build.0 = Debug|Any CPU
		{F0067D6A-590B-4256-A0F8-AC60240730C5}.Release|Any CPU.ActiveCfg = Release|Any CPU
		{F0067D6A-590B-4256-A0F8-AC60240730C5}.Release|Any CPU.Build.0 = Release|Any CPU
	EndGlobalSection
	GlobalSection(SolutionProperties) = preSolution
		HideSolutionNode = FALSE
	EndGlobalSection
	GlobalSection(ExtensibilityGlobals) = postSolution
		SolutionGuid = {D807D180-3E0B-4CA9-9E80-C6130C33E94A}
	EndGlobalSection
EndGlobal
