
Microsoft Visual Studio Solution File, Format Version 12.00
# Visual Studio Version 17
VisualStudioVersion = 17.13.35931.197 d17.13
MinimumVisualStudioVersion = 10.0.40219.1
Project("{FAE04EC0-301F-11D3-BF4B-00C04F79EFBC}") = "27-05", "27-05.csproj", "{CBB1E91D-6639-4674-A789-59D40F626051}"
EndProject
Global
	GlobalSection(SolutionConfigurationPlatforms) = preSolution
		Debug|Any CPU = Debug|Any CPU
		Release|Any CPU = Release|Any CPU
	EndGlobalSection
	GlobalSection(ProjectConfigurationPlatforms) = postSolution
		{CBB1E91D-6639-4674-A789-59D40F626051}.Debug|Any CPU.ActiveCfg = Debug|Any CPU
		{CBB1E91D-6639-4674-A789-59D40F626051}.Debug|Any CPU.Build.0 = Debug|Any CPU
		{CBB1E91D-6639-4674-A789-59D40F626051}.Release|Any CPU.ActiveCfg = Release|Any CPU
		{CBB1E91D-6639-4674-A789-59D40F626051}.Release|Any CPU.Build.0 = Release|Any CPU
	EndGlobalSection
	GlobalSection(SolutionProperties) = preSolution
		HideSolutionNode = FALSE
	EndGlobalSection
	GlobalSection(ExtensibilityGlobals) = postSolution
		SolutionGuid = {03F91645-C66D-49D4-B494-9A676469C509}
	EndGlobalSection
EndGlobal
