
Microsoft Visual Studio Solution File, Format Version 12.00
# Visual Studio Version 17
VisualStudioVersion = 17.13.35931.197 d17.13
MinimumVisualStudioVersion = 10.0.40219.1
Project("{FAE04EC0-301F-11D3-BF4B-00C04F79EFBC}") = "01-06", "01-06.csproj", "{0E6BCF1B-FB7B-4996-B0BD-792C77D16040}"
EndProject
Global
	GlobalSection(SolutionConfigurationPlatforms) = preSolution
		Debug|Any CPU = Debug|Any CPU
		Release|Any CPU = Release|Any CPU
	EndGlobalSection
	GlobalSection(ProjectConfigurationPlatforms) = postSolution
		{0E6BCF1B-FB7B-4996-B0BD-792C77D16040}.Debug|Any CPU.ActiveCfg = Debug|Any CPU
		{0E6BCF1B-FB7B-4996-B0BD-792C77D16040}.Debug|Any CPU.Build.0 = Debug|Any CPU
		{0E6BCF1B-FB7B-4996-B0BD-792C77D16040}.Release|Any CPU.ActiveCfg = Release|Any CPU
		{0E6BCF1B-FB7B-4996-B0BD-792C77D16040}.Release|Any CPU.Build.0 = Release|Any CPU
	EndGlobalSection
	GlobalSection(SolutionProperties) = preSolution
		HideSolutionNode = FALSE
	EndGlobalSection
	GlobalSection(ExtensibilityGlobals) = postSolution
		SolutionGuid = {D19EA704-B961-44F1-A82A-D52FFBADE575}
	EndGlobalSection
EndGlobal
