
Microsoft Visual Studio Solution File, Format Version 12.00
# Visual Studio Version 17
VisualStudioVersion = 17.13.35931.197 d17.13
MinimumVisualStudioVersion = 10.0.40219.1
Project("{FAE04EC0-301F-11D3-BF4B-00C04F79EFBC}") = "13-05_5", "13-05_5.csproj", "{D1D7F271-4A6C-417D-ADD6-AA2551B7E8B8}"
EndProject
Global
	GlobalSection(SolutionConfigurationPlatforms) = preSolution
		Debug|Any CPU = Debug|Any CPU
		Release|Any CPU = Release|Any CPU
	EndGlobalSection
	GlobalSection(ProjectConfigurationPlatforms) = postSolution
		{D1D7F271-4A6C-417D-ADD6-AA2551B7E8B8}.Debug|Any CPU.ActiveCfg = Debug|Any CPU
		{D1D7F271-4A6C-417D-ADD6-AA2551B7E8B8}.Debug|Any CPU.Build.0 = Debug|Any CPU
		{D1D7F271-4A6C-417D-ADD6-AA2551B7E8B8}.Release|Any CPU.ActiveCfg = Release|Any CPU
		{D1D7F271-4A6C-417D-ADD6-AA2551B7E8B8}.Release|Any CPU.Build.0 = Release|Any CPU
	EndGlobalSection
	GlobalSection(SolutionProperties) = preSolution
		HideSolutionNode = FALSE
	EndGlobalSection
	GlobalSection(ExtensibilityGlobals) = postSolution
		SolutionGuid = {256597ED-87C5-4F9A-A6CD-59801B640504}
	EndGlobalSection
EndGlobal
