
Microsoft Visual Studio Solution File, Format Version 12.00
# Visual Studio Version 17
VisualStudioVersion = 17.13.35931.197 d17.13
MinimumVisualStudioVersion = 10.0.40219.1
Project("{FAE04EC0-301F-11D3-BF4B-00C04F79EFBC}") = "13-05_3", "13-05_3.csproj", "{A0F9E22A-68EC-48FF-A691-94668E9BD7A6}"
EndProject
Global
	GlobalSection(SolutionConfigurationPlatforms) = preSolution
		Debug|Any CPU = Debug|Any CPU
		Release|Any CPU = Release|Any CPU
	EndGlobalSection
	GlobalSection(ProjectConfigurationPlatforms) = postSolution
		{A0F9E22A-68EC-48FF-A691-94668E9BD7A6}.Debug|Any CPU.ActiveCfg = Debug|Any CPU
		{A0F9E22A-68EC-48FF-A691-94668E9BD7A6}.Debug|Any CPU.Build.0 = Debug|Any CPU
		{A0F9E22A-68EC-48FF-A691-94668E9BD7A6}.Release|Any CPU.ActiveCfg = Release|Any CPU
		{A0F9E22A-68EC-48FF-A691-94668E9BD7A6}.Release|Any CPU.Build.0 = Release|Any CPU
	EndGlobalSection
	GlobalSection(SolutionProperties) = preSolution
		HideSolutionNode = FALSE
	EndGlobalSection
	GlobalSection(ExtensibilityGlobals) = postSolution
		SolutionGuid = {D8783401-34C6-44A0-B3F5-7EF54549A37B}
	EndGlobalSection
EndGlobal
