
Microsoft Visual Studio Solution File, Format Version 12.00
# Visual Studio Version 17
VisualStudioVersion = 17.13.35931.197 d17.13
MinimumVisualStudioVersion = 10.0.40219.1
Project("{FAE04EC0-301F-11D3-BF4B-00C04F79EFBC}") = "01-04t", "01-04t.csproj", "{0889406F-9124-4279-A35A-C0D2324E96B0}"
EndProject
Global
	GlobalSection(SolutionConfigurationPlatforms) = preSolution
		Debug|Any CPU = Debug|Any CPU
		Release|Any CPU = Release|Any CPU
	EndGlobalSection
	GlobalSection(ProjectConfigurationPlatforms) = postSolution
		{0889406F-9124-4279-A35A-C0D2324E96B0}.Debug|Any CPU.ActiveCfg = Debug|Any CPU
		{0889406F-9124-4279-A35A-C0D2324E96B0}.Debug|Any CPU.Build.0 = Debug|Any CPU
		{0889406F-9124-4279-A35A-C0D2324E96B0}.Release|Any CPU.ActiveCfg = Release|Any CPU
		{0889406F-9124-4279-A35A-C0D2324E96B0}.Release|Any CPU.Build.0 = Release|Any CPU
	EndGlobalSection
	GlobalSection(SolutionProperties) = preSolution
		HideSolutionNode = FALSE
	EndGlobalSection
	GlobalSection(ExtensibilityGlobals) = postSolution
		SolutionGuid = {E0E2DC90-D7BF-4C28-A625-C50B35652F9E}
	EndGlobalSection
EndGlobal
