
Microsoft Visual Studio Solution File, Format Version 12.00
# Visual Studio Version 17
VisualStudioVersion = 17.13.35931.197 d17.13
MinimumVisualStudioVersion = 10.0.40219.1
Project("{FAE04EC0-301F-11D3-BF4B-00C04F79EFBC}") = "06-05_2", "06-05_2.csproj", "{1C025714-FBAE-4CDD-BA89-04F89515D591}"
EndProject
Global
	GlobalSection(SolutionConfigurationPlatforms) = preSolution
		Debug|Any CPU = Debug|Any CPU
		Release|Any CPU = Release|Any CPU
	EndGlobalSection
	GlobalSection(ProjectConfigurationPlatforms) = postSolution
		{1C025714-FBAE-4CDD-BA89-04F89515D591}.Debug|Any CPU.ActiveCfg = Debug|Any CPU
		{1C025714-FBAE-4CDD-BA89-04F89515D591}.Debug|Any CPU.Build.0 = Debug|Any CPU
		{1C025714-FBAE-4CDD-BA89-04F89515D591}.Release|Any CPU.ActiveCfg = Release|Any CPU
		{1C025714-FBAE-4CDD-BA89-04F89515D591}.Release|Any CPU.Build.0 = Release|Any CPU
	EndGlobalSection
	GlobalSection(SolutionProperties) = preSolution
		HideSolutionNode = FALSE
	EndGlobalSection
	GlobalSection(ExtensibilityGlobals) = postSolution
		SolutionGuid = {5FD39CAF-F44B-46FA-B337-096406F5F85A}
	EndGlobalSection
EndGlobal
