
Microsoft Visual Studio Solution File, Format Version 12.00
# Visual Studio Version 17
VisualStudioVersion = 17.13.35931.197 d17.13
MinimumVisualStudioVersion = 10.0.40219.1
Project("{FAE04EC0-301F-11D3-BF4B-00C04F79EFBC}") = "WinFormsApp2", "WinFormsApp2.csproj", "{993149B6-FC5B-4A05-85CA-942AFC1C30CA}"
EndProject
Global
	GlobalSection(SolutionConfigurationPlatforms) = preSolution
		Debug|Any CPU = Debug|Any CPU
		Release|Any CPU = Release|Any CPU
	EndGlobalSection
	GlobalSection(ProjectConfigurationPlatforms) = postSolution
		{993149B6-FC5B-4A05-85CA-942AFC1C30CA}.Debug|Any CPU.ActiveCfg = Debug|Any CPU
		{993149B6-FC5B-4A05-85CA-942AFC1C30CA}.Debug|Any CPU.Build.0 = Debug|Any CPU
		{993149B6-FC5B-4A05-85CA-942AFC1C30CA}.Release|Any CPU.ActiveCfg = Release|Any CPU
		{993149B6-FC5B-4A05-85CA-942AFC1C30CA}.Release|Any CPU.Build.0 = Release|Any CPU
	EndGlobalSection
	GlobalSection(SolutionProperties) = preSolution
		HideSolutionNode = FALSE
	EndGlobalSection
	GlobalSection(ExtensibilityGlobals) = postSolution
		SolutionGuid = {23EE1AF1-54E5-4D32-B49E-13888A643311}
	EndGlobalSection
EndGlobal
