
Microsoft Visual Studio Solution File, Format Version 12.00
# Visual Studio Version 17
VisualStudioVersion = 17.13.35931.197 d17.13
MinimumVisualStudioVersion = 10.0.40219.1
Project("{FAE04EC0-301F-11D3-BF4B-00C04F79EFBC}") = "27-05_2", "27-05_2.csproj", "{43EEBE31-B984-4AE7-B0D1-ED7342832D70}"
EndProject
Global
	GlobalSection(SolutionConfigurationPlatforms) = preSolution
		Debug|Any CPU = Debug|Any CPU
		Release|Any CPU = Release|Any CPU
	EndGlobalSection
	GlobalSection(ProjectConfigurationPlatforms) = postSolution
		{43EEBE31-B984-4AE7-B0D1-ED7342832D70}.Debug|Any CPU.ActiveCfg = Debug|Any CPU
		{43EEBE31-B984-4AE7-B0D1-ED7342832D70}.Debug|Any CPU.Build.0 = Debug|Any CPU
		{43EEBE31-B984-4AE7-B0D1-ED7342832D70}.Release|Any CPU.ActiveCfg = Release|Any CPU
		{43EEBE31-B984-4AE7-B0D1-ED7342832D70}.Release|Any CPU.Build.0 = Release|Any CPU
	EndGlobalSection
	GlobalSection(SolutionProperties) = preSolution
		HideSolutionNode = FALSE
	EndGlobalSection
	GlobalSection(ExtensibilityGlobals) = postSolution
		SolutionGuid = {F971E137-FE92-4E11-B36F-DFE4A9B61451}
	EndGlobalSection
EndGlobal
