
Microsoft Visual Studio Solution File, Format Version 12.00
# Visual Studio Version 17
VisualStudioVersion = 17.14.37628.2 d17.14
MinimumVisualStudioVersion = 10.0.40219.1
Project("{FAE04EC0-301F-11D3-BF4B-00C04F79EFBC}") = "ChildProcess", "ChildProcess\ChildProcess.csproj", "{E93FE4EF-53BC-4FCC-9782-48FCC37E23C5}"
EndProject
Project("{FAE04EC0-301F-11D3-BF4B-00C04F79EFBC}") = "ChildProcess2", "ChildProcess2\ChildProcess2.csproj", "{1024486F-6E0F-4477-8EC5-354BF8576BAE}"
EndProject
Project("{FAE04EC0-301F-11D3-BF4B-00C04F79EFBC}") = "ProcessManipulation", "ProcessManipulation\ProcessManipulation.csproj", "{A265F890-EDC3-4257-8AEB-04D3C836C7D2}"
EndProject
Global
	GlobalSection(SolutionConfigurationPlatforms) = preSolution
		Debug|Any CPU = Debug|Any CPU
		Release|Any CPU = Release|Any CPU
	EndGlobalSection
	GlobalSection(ProjectConfigurationPlatforms) = postSolution
		{E93FE4EF-53BC-4FCC-9782-48FCC37E23C5}.Debug|Any CPU.ActiveCfg = Debug|Any CPU
		{E93FE4EF-53BC-4FCC-9782-48FCC37E23C5}.Debug|Any CPU.Build.0 = Debug|Any CPU
		{E93FE4EF-53BC-4FCC-9782-48FCC37E23C5}.Release|Any CPU.ActiveCfg = Release|Any CPU
		{E93FE4EF-53BC-4FCC-9782-48FCC37E23C5}.Release|Any CPU.Build.0 = Release|Any CPU
		{1024486F-6E0F-4477-8EC5-354BF8576BAE}.Debug|Any CPU.ActiveCfg = Debug|Any CPU
		{1024486F-6E0F-4477-8EC5-354BF8576BAE}.Debug|Any CPU.Build.0 = Debug|Any CPU
		{1024486F-6E0F-4477-8EC5-354BF8576BAE}.Release|Any CPU.ActiveCfg = Release|Any CPU
		{1024486F-6E0F-4477-8EC5-354BF8576BAE}.Release|Any CPU.Build.0 = Release|Any CPU
		{A265F890-EDC3-4257-8AEB-04D3C836C7D2}.Debug|Any CPU.ActiveCfg = Debug|Any CPU
		{A265F890-EDC3-4257-8AEB-04D3C836C7D2}.Debug|Any CPU.Build.0 = Debug|Any CPU
		{A265F890-EDC3-4257-8AEB-04D3C836C7D2}.Release|Any CPU.ActiveCfg = Release|Any CPU
		{A265F890-EDC3-4257-8AEB-04D3C836C7D2}.Release|Any CPU.Build.0 = Release|Any CPU
	EndGlobalSection
	GlobalSection(SolutionProperties) = preSolution
		HideSolutionNode = FALSE
	EndGlobalSection
	GlobalSection(ExtensibilityGlobals) = postSolution
		SolutionGuid = {52827403-2351-4065-AFE8-87BBBA6B2EA1}
	EndGlobalSection
EndGlobal
