Microsoft Visual Studio Solution File, Format Version 12.00
# Visual Studio Version 17
VisualStudioVersion = 17.5.2.0
MinimumVisualStudioVersion = 10.0.40219.1
Project("{FAE04EC0-301F-11D3-BF4B-00C04F79EFBC}") = "CodeDecode", "CodeDecode.csproj", "{90EDCFF5-B1C6-4D9C-26A6-DA7388D7DC19}"
EndProject
Global
	GlobalSection(SolutionConfigurationPlatforms) = preSolution
		Debug|Any CPU = Debug|Any CPU
		Release|Any CPU = Release|Any CPU
	EndGlobalSection
	GlobalSection(ProjectConfigurationPlatforms) = postSolution
		{90EDCFF5-B1C6-4D9C-26A6-DA7388D7DC19}.Debug|Any CPU.ActiveCfg = Debug|Any CPU
		{90EDCFF5-B1C6-4D9C-26A6-DA7388D7DC19}.Debug|Any CPU.Build.0 = Debug|Any CPU
		{90EDCFF5-B1C6-4D9C-26A6-DA7388D7DC19}.Release|Any CPU.ActiveCfg = Release|Any CPU
		{90EDCFF5-B1C6-4D9C-26A6-DA7388D7DC19}.Release|Any CPU.Build.0 = Release|Any CPU
	EndGlobalSection
	GlobalSection(SolutionProperties) = preSolution
		HideSolutionNode = FALSE
	EndGlobalSection
	GlobalSection(ExtensibilityGlobals) = postSolution
		SolutionGuid = {5C4834BF-4993-4853-90C1-AEC822569E56}
	EndGlobalSection
EndGlobal
